{
    "nikic/php-parser": {
        "version": "v4.13.2"
    },
    "paragonie/constant_time_encoding": {
        "version": "v2.4.0"
    },
    "paragonie/random_compat": {
        "version": "v9.99.100"
    },
    "php-amqplib/php-amqplib": {
        "version": "v3.1.1"
    },
    "php-amqplib/rabbitmq-bundle": {
        "version": "2.11",
        "recipe": {
            "repo": "github.com/symfony/recipes-contrib",
            "branch": "master",
            "version": "1.12",
            "ref": "ce3ca2e4577270c4f518539aa6b9e878998fcfef"
        },
        "files": [
            "config/packages/old_sound_rabbit_mq.yaml",
            "src/Consumer/.gitignore"
        ]
    },
    "phpseclib/phpseclib": {
        "version": "3.0.12"
    },
    "symfony/http-client-contracts": {
        "version": "v2.5.0"
    },
    "symfony/maker-bundle": {
        "version": "1.36",
        "recipe": {
            "repo": "github.com/symfony/recipes",
            "branch": "master",
            "version": "1.0",
            "ref": "fadbfe33303a76e25cb63401050439aa9b1a9c7f"
        }
    }
}
